
Microsoft Visual Studio Solution File, Format Version 12.00
# Visual Studio Version 17
VisualStudioVersion = 17.11.35312.102
MinimumVisualStudioVersion = 10.0.40219.1
Project("{FAE04EC0-301F-11D3-BF4B-00C04F79EFBC}") = "SchoolBytes", "SchoolBytes\SchoolBytes.csproj", "{3D0D7174-40DD-43E4-A426-5D3EB964C4E9}"
EndProject
Project("{9A19103F-16F7-4668-BE54-9A1E7A4F7556}") = "SpecFlowTests", "SpecFlowTests\SpecFlowTests.csproj", "{B7529B3C-9860-4E32-A33B-E80547E7DFE6}"
EndProject
Global
	GlobalSection(SolutionConfigurationPlatforms) = preSolution
		Debug|Any CPU = Debug|Any CPU
		Release|Any CPU = Release|Any CPU
	EndGlobalSection
	GlobalSection(ProjectConfigurationPlatforms) = postSolution
		{3D0D7174-40DD-43E4-A426-5D3EB964C4E9}.Debug|Any CPU.ActiveCfg = Debug|Any CPU
		{3D0D7174-40DD-43E4-A426-5D3EB964C4E9}.Debug|Any CPU.Build.0 = Debug|Any CPU
		{3D0D7174-40DD-43E4-A426-5D3EB964C4E9}.Release|Any CPU.ActiveCfg = Release|Any CPU
		{3D0D7174-40DD-43E4-A426-5D3EB964C4E9}.Release|Any CPU.Build.0 = Release|Any CPU
		{B7529B3C-9860-4E32-A33B-E80547E7DFE6}.Debug|Any CPU.ActiveCfg = Debug|Any CPU
		{B7529B3C-9860-4E32-A33B-E80547E7DFE6}.Debug|Any CPU.Build.0 = Debug|Any CPU
		{B7529B3C-9860-4E32-A33B-E80547E7DFE6}.Release|Any CPU.ActiveCfg = Release|Any CPU
		{B7529B3C-9860-4E32-A33B-E80547E7DFE6}.Release|Any CPU.Build.0 = Release|Any CPU
	EndGlobalSection
	GlobalSection(SolutionProperties) = preSolution
		HideSolutionNode = FALSE
	EndGlobalSection
	GlobalSection(ExtensibilityGlobals) = postSolution
		SolutionGuid = {A049CEFD-1E1D-49C8-A3C4-8CA20E7FCB6C}
	EndGlobalSection
EndGlobal
