
Microsoft Visual Studio Solution File, Format Version 12.00
# Visual Studio Version 17
VisualStudioVersion = 17.11.35219.272
MinimumVisualStudioVersion = 10.0.40219.1
Project("{FAE04EC0-301F-11D3-BF4B-00C04F79EFBC}") = "SchoolBytes", "SchoolBytes\SchoolBytes.csproj", "{1260DCF7-5103-4C15-A33E-7E19C0B0646B}"
EndProject
Global
	GlobalSection(SolutionConfigurationPlatforms) = preSolution
		Debug|Any CPU = Debug|Any CPU
		Release|Any CPU = Release|Any CPU
	EndGlobalSection
	GlobalSection(ProjectConfigurationPlatforms) = postSolution
		{1260DCF7-5103-4C15-A33E-7E19C0B0646B}.Debug|Any CPU.ActiveCfg = Debug|Any CPU
		{1260DCF7-5103-4C15-A33E-7E19C0B0646B}.Debug|Any CPU.Build.0 = Debug|Any CPU
		{1260DCF7-5103-4C15-A33E-7E19C0B0646B}.Release|Any CPU.ActiveCfg = Release|Any CPU
		{1260DCF7-5103-4C15-A33E-7E19C0B0646B}.Release|Any CPU.Build.0 = Release|Any CPU
	EndGlobalSection
	GlobalSection(SolutionProperties) = preSolution
		HideSolutionNode = FALSE
	EndGlobalSection
	GlobalSection(ExtensibilityGlobals) = postSolution
		SolutionGuid = {FC450615-FB56-48E3-927F-A850253EF3F9}
	EndGlobalSection
EndGlobal
